
Microsoft Visual Studio Solution File, Format Version 12.00
# Visual Studio Version 16
VisualStudioVersion = 16.0.32126.315
MinimumVisualStudioVersion = 10.0.40219.1
Project("{8BC9CEB8-8B4A-11D0-8D11-00A0C91BC942}") = "AbstractSchool", "AbstractSchool.vcxproj", "{C3CD2CDD-C8D0-4F8E-AC8B-95A3E89671EE}"
EndProject
Global
	GlobalSection(SolutionConfigurationPlatforms) = preSolution
		Debug|x64 = Debug|x64
		Debug|x86 = Debug|x86
		Release|x64 = Release|x64
		Release|x86 = Release|x86
	EndGlobalSection
	GlobalSection(ProjectConfigurationPlatforms) = postSolution
		{C3CD2CDD-C8D0-4F8E-AC8B-95A3E89671EE}.Debug|x64.ActiveCfg = Debug|x64
		{C3CD2CDD-C8D0-4F8E-AC8B-95A3E89671EE}.Debug|x64.Build.0 = Debug|x64
		{C3CD2CDD-C8D0-4F8E-AC8B-95A3E89671EE}.Debug|x86.ActiveCfg = Debug|Win32
		{C3CD2CDD-C8D0-4F8E-AC8B-95A3E89671EE}.Debug|x86.Build.0 = Debug|Win32
		{C3CD2CDD-C8D0-4F8E-AC8B-95A3E89671EE}.Release|x64.ActiveCfg = Release|x64
		{C3CD2CDD-C8D0-4F8E-AC8B-95A3E89671EE}.Release|x64.Build.0 = Release|x64
		{C3CD2CDD-C8D0-4F8E-AC8B-95A3E89671EE}.Release|x86.ActiveCfg = Release|Win32
		{C3CD2CDD-C8D0-4F8E-AC8B-95A3E89671EE}.Release|x86.Build.0 = Release|Win32
	EndGlobalSection
	GlobalSection(SolutionProperties) = preSolution
		HideSolutionNode = FALSE
	EndGlobalSection
	GlobalSection(ExtensibilityGlobals) = postSolution
		SolutionGuid = {1711BBAC-C314-4A69-80CE-47D77952D3F3}
	EndGlobalSection
EndGlobal
